
Microsoft Visual Studio Solution File, Format Version 12.00
# Visual Studio Version 16
VisualStudioVersion = 16.0.30517.126
MinimumVisualStudioVersion = 10.0.40219.1
Project("{9A19103F-16F7-4668-BE54-9A1E7A4F7556}") = "HelloWPFApp", "HelloWPFApp\HelloWPFApp.csproj", "{48B5D70D-DB0E-4E0D-B2E7-2A0D3D0E40C2}"
EndProject
Global
	GlobalSection(SolutionConfigurationPlatforms) = preSolution
		Debug|Any CPU = Debug|Any CPU
		Release|Any CPU = Release|Any CPU
	EndGlobalSection
	GlobalSection(ProjectConfigurationPlatforms) = postSolution
		{48B5D70D-DB0E-4E0D-B2E7-2A0D3D0E40C2}.Debug|Any CPU.ActiveCfg = Debug|Any CPU
		{48B5D70D-DB0E-4E0D-B2E7-2A0D3D0E40C2}.Debug|Any CPU.Build.0 = Debug|Any CPU
		{48B5D70D-DB0E-4E0D-B2E7-2A0D3D0E40C2}.Release|Any CPU.ActiveCfg = Release|Any CPU
		{48B5D70D-DB0E-4E0D-B2E7-2A0D3D0E40C2}.Release|Any CPU.Build.0 = Release|Any CPU
	EndGlobalSection
	GlobalSection(SolutionProperties) = preSolution
		HideSolutionNode = FALSE
	EndGlobalSection
	GlobalSection(ExtensibilityGlobals) = postSolution
		SolutionGuid = {50BEA02F-8C1E-48E1-99AF-546D0208D2E9}
	EndGlobalSection
EndGlobal
